
Microsoft Visual Studio Solution File, Format Version 14.00
# Visual Studio 2015
Project("{FAE04EC0-301F-11D3-BF4B-00C04F79EFBC}") = "TourBookingLib", "BookLib\TourBookingLib.csproj", "{0F23DDB1-9C01-4A72-8296-AFF5155BAA74}"
EndProject
Global
	GlobalSection(SolutionConfigurationPlatforms) = preSolution
		Debug|x86 = Debug|x86
		Release|x86 = Release|x86
	EndGlobalSection
	GlobalSection(ProjectConfigurationPlatforms) = postSolution
		{0F23DDB1-9C01-4A72-8296-AFF5155BAA74}.Debug|x86.ActiveCfg = Debug|x86
		{0F23DDB1-9C01-4A72-8296-AFF5155BAA74}.Debug|x86.Build.0 = Debug|x86
		{0F23DDB1-9C01-4A72-8296-AFF5155BAA74}.Release|x86.ActiveCfg = Release|x86
		{0F23DDB1-9C01-4A72-8296-AFF5155BAA74}.Release|x86.Build.0 = Release|x86
	EndGlobalSection
	GlobalSection(SolutionProperties) = preSolution
		HideSolutionNode = FALSE
	EndGlobalSection
EndGlobal
