
Microsoft Visual Studio Solution File, Format Version 12.00
# Visual Studio 14
VisualStudioVersion = 14.0.23107.0
MinimumVisualStudioVersion = 10.0.40219.1
Project("{FAE04EC0-301F-11D3-BF4B-00C04F79EFBC}") = "RulesForCSharp", "RulesForCSharp\RulesForCSharp.csproj", "{57BF3F15-ED96-4AFC-97C3-437B3291C2AA}"
EndProject
Project("{F184B08F-C81C-45F6-A57F-5ABD9991F28F}") = "RulesForVB", "RulesForVB\RulesForVB.vbproj", "{FCF7F267-CBE8-4F91-A389-C4F5713B94D6}"
EndProject
Project("{8BC9CEB8-8B4A-11D0-8D11-00A0C91BC942}") = "RulesForCPlus", "RulesForCPlus\RulesForCPlus.vcxproj", "{B6FD6719-51B7-4757-A357-97E59FA9AEB4}"
EndProject
Project("{FAE04EC0-301F-11D3-BF4B-00C04F79EFBC}") = "RulesForXaml", "RulesForXaml\RulesForXaml.csproj", "{4FF97B01-D4F8-4AAE-B1F1-487A9E4CECF5}"
EndProject
Project("{FAE04EC0-301F-11D3-BF4B-00C04F79EFBC}") = "RulesForWeb", "RulesForWeb\RulesForWeb.csproj", "{CD4E6711-27E0-48F1-9ADD-869405FECA0A}"
EndProject
Global
	GlobalSection(SolutionConfigurationPlatforms) = preSolution
		Debug|Any CPU = Debug|Any CPU
		Debug|x64 = Debug|x64
		Debug|x86 = Debug|x86
		Release|Any CPU = Release|Any CPU
		Release|x64 = Release|x64
		Release|x86 = Release|x86
	EndGlobalSection
	GlobalSection(ProjectConfigurationPlatforms) = postSolution
		{57BF3F15-ED96-4AFC-97C3-437B3291C2AA}.Debug|Any CPU.ActiveCfg = Debug|Any CPU
		{57BF3F15-ED96-4AFC-97C3-437B3291C2AA}.Debug|Any CPU.Build.0 = Debug|Any CPU
		{57BF3F15-ED96-4AFC-97C3-437B3291C2AA}.Debug|x64.ActiveCfg = Debug|Any CPU
		{57BF3F15-ED96-4AFC-97C3-437B3291C2AA}.Debug|x64.Build.0 = Debug|Any CPU
		{57BF3F15-ED96-4AFC-97C3-437B3291C2AA}.Debug|x86.ActiveCfg = Debug|Any CPU
		{57BF3F15-ED96-4AFC-97C3-437B3291C2AA}.Debug|x86.Build.0 = Debug|Any CPU
		{57BF3F15-ED96-4AFC-97C3-437B3291C2AA}.Release|Any CPU.ActiveCfg = Release|Any CPU
		{57BF3F15-ED96-4AFC-97C3-437B3291C2AA}.Release|Any CPU.Build.0 = Release|Any CPU
		{57BF3F15-ED96-4AFC-97C3-437B3291C2AA}.Release|x64.ActiveCfg = Release|Any CPU
		{57BF3F15-ED96-4AFC-97C3-437B3291C2AA}.Release|x64.Build.0 = Release|Any CPU
		{57BF3F15-ED96-4AFC-97C3-437B3291C2AA}.Release|x86.ActiveCfg = Release|Any CPU
		{57BF3F15-ED96-4AFC-97C3-437B3291C2AA}.Release|x86.Build.0 = Release|Any CPU
		{FCF7F267-CBE8-4F91-A389-C4F5713B94D6}.Debug|Any CPU.ActiveCfg = Debug|Any CPU
		{FCF7F267-CBE8-4F91-A389-C4F5713B94D6}.Debug|Any CPU.Build.0 = Debug|Any CPU
		{FCF7F267-CBE8-4F91-A389-C4F5713B94D6}.Debug|x64.ActiveCfg = Debug|Any CPU
		{FCF7F267-CBE8-4F91-A389-C4F5713B94D6}.Debug|x64.Build.0 = Debug|Any CPU
		{FCF7F267-CBE8-4F91-A389-C4F5713B94D6}.Debug|x86.ActiveCfg = Debug|Any CPU
		{FCF7F267-CBE8-4F91-A389-C4F5713B94D6}.Debug|x86.Build.0 = Debug|Any CPU
		{FCF7F267-CBE8-4F91-A389-C4F5713B94D6}.Release|Any CPU.ActiveCfg = Release|Any CPU
		{FCF7F267-CBE8-4F91-A389-C4F5713B94D6}.Release|Any CPU.Build.0 = Release|Any CPU
		{FCF7F267-CBE8-4F91-A389-C4F5713B94D6}.Release|x64.ActiveCfg = Release|Any CPU
		{FCF7F267-CBE8-4F91-A389-C4F5713B94D6}.Release|x64.Build.0 = Release|Any CPU
		{FCF7F267-CBE8-4F91-A389-C4F5713B94D6}.Release|x86.ActiveCfg = Release|Any CPU
		{FCF7F267-CBE8-4F91-A389-C4F5713B94D6}.Release|x86.Build.0 = Release|Any CPU
		{B6FD6719-51B7-4757-A357-97E59FA9AEB4}.Debug|Any CPU.ActiveCfg = Debug|Win32
		{B6FD6719-51B7-4757-A357-97E59FA9AEB4}.Debug|x64.ActiveCfg = Debug|x64
		{B6FD6719-51B7-4757-A357-97E59FA9AEB4}.Debug|x64.Build.0 = Debug|x64
		{B6FD6719-51B7-4757-A357-97E59FA9AEB4}.Debug|x86.ActiveCfg = Debug|Win32
		{B6FD6719-51B7-4757-A357-97E59FA9AEB4}.Debug|x86.Build.0 = Debug|Win32
		{B6FD6719-51B7-4757-A357-97E59FA9AEB4}.Release|Any CPU.ActiveCfg = Release|Win32
		{B6FD6719-51B7-4757-A357-97E59FA9AEB4}.Release|x64.ActiveCfg = Release|x64
		{B6FD6719-51B7-4757-A357-97E59FA9AEB4}.Release|x64.Build.0 = Release|x64
		{B6FD6719-51B7-4757-A357-97E59FA9AEB4}.Release|x86.ActiveCfg = Release|Win32
		{B6FD6719-51B7-4757-A357-97E59FA9AEB4}.Release|x86.Build.0 = Release|Win32
		{4FF97B01-D4F8-4AAE-B1F1-487A9E4CECF5}.Debug|Any CPU.ActiveCfg = Debug|Any CPU
		{4FF97B01-D4F8-4AAE-B1F1-487A9E4CECF5}.Debug|Any CPU.Build.0 = Debug|Any CPU
		{4FF97B01-D4F8-4AAE-B1F1-487A9E4CECF5}.Debug|x64.ActiveCfg = Debug|Any CPU
		{4FF97B01-D4F8-4AAE-B1F1-487A9E4CECF5}.Debug|x64.Build.0 = Debug|Any CPU
		{4FF97B01-D4F8-4AAE-B1F1-487A9E4CECF5}.Debug|x86.ActiveCfg = Debug|Any CPU
		{4FF97B01-D4F8-4AAE-B1F1-487A9E4CECF5}.Debug|x86.Build.0 = Debug|Any CPU
		{4FF97B01-D4F8-4AAE-B1F1-487A9E4CECF5}.Release|Any CPU.ActiveCfg = Release|Any CPU
		{4FF97B01-D4F8-4AAE-B1F1-487A9E4CECF5}.Release|Any CPU.Build.0 = Release|Any CPU
		{4FF97B01-D4F8-4AAE-B1F1-487A9E4CECF5}.Release|x64.ActiveCfg = Release|Any CPU
		{4FF97B01-D4F8-4AAE-B1F1-487A9E4CECF5}.Release|x64.Build.0 = Release|Any CPU
		{4FF97B01-D4F8-4AAE-B1F1-487A9E4CECF5}.Release|x86.ActiveCfg = Release|Any CPU
		{4FF97B01-D4F8-4AAE-B1F1-487A9E4CECF5}.Release|x86.Build.0 = Release|Any CPU
		{CD4E6711-27E0-48F1-9ADD-869405FECA0A}.Debug|Any CPU.ActiveCfg = Debug|Any CPU
		{CD4E6711-27E0-48F1-9ADD-869405FECA0A}.Debug|Any CPU.Build.0 = Debug|Any CPU
		{CD4E6711-27E0-48F1-9ADD-869405FECA0A}.Debug|x64.ActiveCfg = Debug|Any CPU
		{CD4E6711-27E0-48F1-9ADD-869405FECA0A}.Debug|x64.Build.0 = Debug|Any CPU
		{CD4E6711-27E0-48F1-9ADD-869405FECA0A}.Debug|x86.ActiveCfg = Debug|Any CPU
		{CD4E6711-27E0-48F1-9ADD-869405FECA0A}.Debug|x86.Build.0 = Debug|Any CPU
		{CD4E6711-27E0-48F1-9ADD-869405FECA0A}.Release|Any CPU.ActiveCfg = Release|Any CPU
		{CD4E6711-27E0-48F1-9ADD-869405FECA0A}.Release|Any CPU.Build.0 = Release|Any CPU
		{CD4E6711-27E0-48F1-9ADD-869405FECA0A}.Release|x64.ActiveCfg = Release|Any CPU
		{CD4E6711-27E0-48F1-9ADD-869405FECA0A}.Release|x64.Build.0 = Release|Any CPU
		{CD4E6711-27E0-48F1-9ADD-869405FECA0A}.Release|x86.ActiveCfg = Release|Any CPU
		{CD4E6711-27E0-48F1-9ADD-869405FECA0A}.Release|x86.Build.0 = Release|Any CPU
	EndGlobalSection
	GlobalSection(SolutionProperties) = preSolution
		HideSolutionNode = FALSE
	EndGlobalSection
EndGlobal
